
Microsoft Visual Studio Solution File, Format Version 12.00
# Visual Studio Version 17
VisualStudioVersion = 17.0.32126.317
MinimumVisualStudioVersion = 10.0.40219.1
Project("{FAE04EC0-301F-11D3-BF4B-00C04F79EFBC}") = "peso_ideal", "peso_ideal.csproj", "{7C992D0A-83EE-4534-8179-6C3B70505D57}"
EndProject
Global
	GlobalSection(SolutionConfigurationPlatforms) = preSolution
		Debug|Any CPU = Debug|Any CPU
		Release|Any CPU = Release|Any CPU
	EndGlobalSection
	GlobalSection(ProjectConfigurationPlatforms) = postSolution
		{7C992D0A-83EE-4534-8179-6C3B70505D57}.Debug|Any CPU.ActiveCfg = Debug|Any CPU
		{7C992D0A-83EE-4534-8179-6C3B70505D57}.Debug|Any CPU.Build.0 = Debug|Any CPU
		{7C992D0A-83EE-4534-8179-6C3B70505D57}.Release|Any CPU.ActiveCfg = Release|Any CPU
		{7C992D0A-83EE-4534-8179-6C3B70505D57}.Release|Any CPU.Build.0 = Release|Any CPU
	EndGlobalSection
	GlobalSection(SolutionProperties) = preSolution
		HideSolutionNode = FALSE
	EndGlobalSection
	GlobalSection(ExtensibilityGlobals) = postSolution
		SolutionGuid = {B458D59E-9495-4331-AA31-BC71F323A231}
	EndGlobalSection
EndGlobal
